
Microsoft Visual Studio Solution File, Format Version 12.00
# Visual Studio Version 16
VisualStudioVersion = 16.0.31129.286
MinimumVisualStudioVersion = 10.0.40219.1
Project("{FAE04EC0-301F-11D3-BF4B-00C04F79EFBC}") = "HomeWork", "HomeWork\HomeWork.csproj", "{DA8A2E0C-7944-4EF2-A24C-190829A57EC0}"
EndProject
Global
	GlobalSection(SolutionConfigurationPlatforms) = preSolution
		Debug|Any CPU = Debug|Any CPU
		Release|Any CPU = Release|Any CPU
	EndGlobalSection
	GlobalSection(ProjectConfigurationPlatforms) = postSolution
		{DA8A2E0C-7944-4EF2-A24C-190829A57EC0}.Debug|Any CPU.ActiveCfg = Debug|Any CPU
		{DA8A2E0C-7944-4EF2-A24C-190829A57EC0}.Debug|Any CPU.Build.0 = Debug|Any CPU
		{DA8A2E0C-7944-4EF2-A24C-190829A57EC0}.Release|Any CPU.ActiveCfg = Release|Any CPU
		{DA8A2E0C-7944-4EF2-A24C-190829A57EC0}.Release|Any CPU.Build.0 = Release|Any CPU
	EndGlobalSection
	GlobalSection(SolutionProperties) = preSolution
		HideSolutionNode = FALSE
	EndGlobalSection
	GlobalSection(ExtensibilityGlobals) = postSolution
		SolutionGuid = {45D66F5E-2DE4-43A6-8361-68A23867F294}
	EndGlobalSection
EndGlobal
